
Microsoft Visual Studio Solution File, Format Version 12.00
# Visual Studio Version 17
VisualStudioVersion = 17.0.31903.59
MinimumVisualStudioVersion = 10.0.40219.1
Project("{FAE04EC0-301F-11D3-BF4B-00C04F79EFBC}") = "project1", "project1\project1.csproj", "{DB17F3C1-3A06-424B-A2A8-BB8C430FD1A5}"
EndProject
Project("{2150E333-8FDC-42A3-9474-1A3956D46DE8}") = "day1", "day1", "{A76A4D40-3A36-4021-A024-CC134416CE96}"
EndProject
Project("{FAE04EC0-301F-11D3-BF4B-00C04F79EFBC}") = "project2", "project2\project2.csproj", "{66B630CD-0F4B-462D-96F5-47DC3C235651}"
EndProject
Project("{2150E333-8FDC-42A3-9474-1A3956D46DE8}") = "day2", "day2", "{27813567-56ED-4625-887E-DC983F48FE13}"
EndProject
Project("{FAE04EC0-301F-11D3-BF4B-00C04F79EFBC}") = "project2.1", "project2.1\project2.1.csproj", "{1B18B107-3FCA-4D20-A3B4-26B01879B45A}"
EndProject
Project("{FAE04EC0-301F-11D3-BF4B-00C04F79EFBC}") = "project2.2", "project2.2\project2.2.csproj", "{5FA4B939-132B-4601-B33F-AD7EFDB17B42}"
EndProject
Project("{FAE04EC0-301F-11D3-BF4B-00C04F79EFBC}") = "OOPInherritance", "OOPInherritance\OOPInherritance.csproj", "{005EEBA6-4B28-4CBC-A6B7-ADAF47F81E08}"
EndProject
Project("{FAE04EC0-301F-11D3-BF4B-00C04F79EFBC}") = "Encapsulation", "Encapsulation\Encapsulation.csproj", "{8A1ADF77-310B-42CE-B7A1-026E5E91F078}"
EndProject
Project("{2150E333-8FDC-42A3-9474-1A3956D46DE8}") = "day3", "day3", "{7C24B378-D5A6-49B5-92DA-D538A1DD9D69}"
EndProject
Project("{FAE04EC0-301F-11D3-BF4B-00C04F79EFBC}") = "virtual_override", "virtual_override\virtual_override.csproj", "{E058A0EA-2160-47CC-B069-62F1A482D75D}"
EndProject
Project("{FAE04EC0-301F-11D3-BF4B-00C04F79EFBC}") = "method_hiding", "method_Hiding\method_Hiding.csproj", "{DC2EC0E7-18E9-444E-8279-91EC4F99EFF4}"
EndProject
Project("{FAE04EC0-301F-11D3-BF4B-00C04F79EFBC}") = "interface", "interface\interface.csproj", "{64EBF7E5-E311-4C8F-BE9F-522B3C369330}"
EndProject
Project("{FAE04EC0-301F-11D3-BF4B-00C04F79EFBC}") = "interface_segregation", "interface_segregation\interface_segregation.csproj", "{C839F1A0-413F-4D40-843E-455B64D8E543}"
EndProject
Project("{FAE04EC0-301F-11D3-BF4B-00C04F79EFBC}") = "upcast_downcast_explicit_implicit", "Upcase_Downcase\Upcase_Downcase.csproj", "{9F984C26-DBD3-4F5D-A095-6F01A6C46DCD}"
EndProject
Project("{FAE04EC0-301F-11D3-BF4B-00C04F79EFBC}") = "Upcast&Downcast_Explicit&Implicit", "Upcast&Downcast_Explicit&Implicit\Upcast&Downcast_Explicit&Implicit.csproj", "{236A4EC9-61A9-401F-AEBE-3ABF103C1133}"
EndProject
Project("{FAE04EC0-301F-11D3-BF4B-00C04F79EFBC}") = "Upcast&Downcas_OnInstance", "Upcast&Downcas_OnInstance\Upcast&Downcas_OnInstance.csproj", "{CDFC926A-C841-419D-803A-E3AD4409158C}"
EndProject
Project("{FAE04EC0-301F-11D3-BF4B-00C04F79EFBC}") = "parent_child_parent", "parent_child_parent\parent_child_parent.csproj", "{F6039C85-3F28-47E6-BF51-1CCCA9DC818E}"
EndProject
Global
	GlobalSection(SolutionConfigurationPlatforms) = preSolution
		Debug|Any CPU = Debug|Any CPU
		Release|Any CPU = Release|Any CPU
	EndGlobalSection
	GlobalSection(SolutionProperties) = preSolution
		HideSolutionNode = FALSE
	EndGlobalSection
	GlobalSection(ProjectConfigurationPlatforms) = postSolution
		{DB17F3C1-3A06-424B-A2A8-BB8C430FD1A5}.Debug|Any CPU.ActiveCfg = Debug|Any CPU
		{DB17F3C1-3A06-424B-A2A8-BB8C430FD1A5}.Debug|Any CPU.Build.0 = Debug|Any CPU
		{DB17F3C1-3A06-424B-A2A8-BB8C430FD1A5}.Release|Any CPU.ActiveCfg = Release|Any CPU
		{DB17F3C1-3A06-424B-A2A8-BB8C430FD1A5}.Release|Any CPU.Build.0 = Release|Any CPU
		{66B630CD-0F4B-462D-96F5-47DC3C235651}.Debug|Any CPU.ActiveCfg = Debug|Any CPU
		{66B630CD-0F4B-462D-96F5-47DC3C235651}.Debug|Any CPU.Build.0 = Debug|Any CPU
		{66B630CD-0F4B-462D-96F5-47DC3C235651}.Release|Any CPU.ActiveCfg = Release|Any CPU
		{66B630CD-0F4B-462D-96F5-47DC3C235651}.Release|Any CPU.Build.0 = Release|Any CPU
		{1B18B107-3FCA-4D20-A3B4-26B01879B45A}.Debug|Any CPU.ActiveCfg = Debug|Any CPU
		{1B18B107-3FCA-4D20-A3B4-26B01879B45A}.Debug|Any CPU.Build.0 = Debug|Any CPU
		{1B18B107-3FCA-4D20-A3B4-26B01879B45A}.Release|Any CPU.ActiveCfg = Release|Any CPU
		{1B18B107-3FCA-4D20-A3B4-26B01879B45A}.Release|Any CPU.Build.0 = Release|Any CPU
		{5FA4B939-132B-4601-B33F-AD7EFDB17B42}.Debug|Any CPU.ActiveCfg = Debug|Any CPU
		{5FA4B939-132B-4601-B33F-AD7EFDB17B42}.Debug|Any CPU.Build.0 = Debug|Any CPU
		{5FA4B939-132B-4601-B33F-AD7EFDB17B42}.Release|Any CPU.ActiveCfg = Release|Any CPU
		{5FA4B939-132B-4601-B33F-AD7EFDB17B42}.Release|Any CPU.Build.0 = Release|Any CPU
		{005EEBA6-4B28-4CBC-A6B7-ADAF47F81E08}.Debug|Any CPU.ActiveCfg = Debug|Any CPU
		{005EEBA6-4B28-4CBC-A6B7-ADAF47F81E08}.Debug|Any CPU.Build.0 = Debug|Any CPU
		{005EEBA6-4B28-4CBC-A6B7-ADAF47F81E08}.Release|Any CPU.ActiveCfg = Release|Any CPU
		{005EEBA6-4B28-4CBC-A6B7-ADAF47F81E08}.Release|Any CPU.Build.0 = Release|Any CPU
		{8A1ADF77-310B-42CE-B7A1-026E5E91F078}.Debug|Any CPU.ActiveCfg = Debug|Any CPU
		{8A1ADF77-310B-42CE-B7A1-026E5E91F078}.Debug|Any CPU.Build.0 = Debug|Any CPU
		{8A1ADF77-310B-42CE-B7A1-026E5E91F078}.Release|Any CPU.ActiveCfg = Release|Any CPU
		{8A1ADF77-310B-42CE-B7A1-026E5E91F078}.Release|Any CPU.Build.0 = Release|Any CPU
		{E058A0EA-2160-47CC-B069-62F1A482D75D}.Debug|Any CPU.ActiveCfg = Debug|Any CPU
		{E058A0EA-2160-47CC-B069-62F1A482D75D}.Debug|Any CPU.Build.0 = Debug|Any CPU
		{E058A0EA-2160-47CC-B069-62F1A482D75D}.Release|Any CPU.ActiveCfg = Release|Any CPU
		{E058A0EA-2160-47CC-B069-62F1A482D75D}.Release|Any CPU.Build.0 = Release|Any CPU
		{DC2EC0E7-18E9-444E-8279-91EC4F99EFF4}.Debug|Any CPU.ActiveCfg = Debug|Any CPU
		{DC2EC0E7-18E9-444E-8279-91EC4F99EFF4}.Debug|Any CPU.Build.0 = Debug|Any CPU
		{DC2EC0E7-18E9-444E-8279-91EC4F99EFF4}.Release|Any CPU.ActiveCfg = Release|Any CPU
		{DC2EC0E7-18E9-444E-8279-91EC4F99EFF4}.Release|Any CPU.Build.0 = Release|Any CPU
		{64EBF7E5-E311-4C8F-BE9F-522B3C369330}.Debug|Any CPU.ActiveCfg = Debug|Any CPU
		{64EBF7E5-E311-4C8F-BE9F-522B3C369330}.Debug|Any CPU.Build.0 = Debug|Any CPU
		{64EBF7E5-E311-4C8F-BE9F-522B3C369330}.Release|Any CPU.ActiveCfg = Release|Any CPU
		{64EBF7E5-E311-4C8F-BE9F-522B3C369330}.Release|Any CPU.Build.0 = Release|Any CPU
		{C839F1A0-413F-4D40-843E-455B64D8E543}.Debug|Any CPU.ActiveCfg = Debug|Any CPU
		{C839F1A0-413F-4D40-843E-455B64D8E543}.Debug|Any CPU.Build.0 = Debug|Any CPU
		{C839F1A0-413F-4D40-843E-455B64D8E543}.Release|Any CPU.ActiveCfg = Release|Any CPU
		{C839F1A0-413F-4D40-843E-455B64D8E543}.Release|Any CPU.Build.0 = Release|Any CPU
		{9F984C26-DBD3-4F5D-A095-6F01A6C46DCD}.Debug|Any CPU.ActiveCfg = Debug|Any CPU
		{9F984C26-DBD3-4F5D-A095-6F01A6C46DCD}.Debug|Any CPU.Build.0 = Debug|Any CPU
		{9F984C26-DBD3-4F5D-A095-6F01A6C46DCD}.Release|Any CPU.ActiveCfg = Release|Any CPU
		{9F984C26-DBD3-4F5D-A095-6F01A6C46DCD}.Release|Any CPU.Build.0 = Release|Any CPU
		{236A4EC9-61A9-401F-AEBE-3ABF103C1133}.Debug|Any CPU.ActiveCfg = Debug|Any CPU
		{236A4EC9-61A9-401F-AEBE-3ABF103C1133}.Debug|Any CPU.Build.0 = Debug|Any CPU
		{236A4EC9-61A9-401F-AEBE-3ABF103C1133}.Release|Any CPU.ActiveCfg = Release|Any CPU
		{236A4EC9-61A9-401F-AEBE-3ABF103C1133}.Release|Any CPU.Build.0 = Release|Any CPU
		{CDFC926A-C841-419D-803A-E3AD4409158C}.Debug|Any CPU.ActiveCfg = Debug|Any CPU
		{CDFC926A-C841-419D-803A-E3AD4409158C}.Debug|Any CPU.Build.0 = Debug|Any CPU
		{CDFC926A-C841-419D-803A-E3AD4409158C}.Release|Any CPU.ActiveCfg = Release|Any CPU
		{CDFC926A-C841-419D-803A-E3AD4409158C}.Release|Any CPU.Build.0 = Release|Any CPU
		{F6039C85-3F28-47E6-BF51-1CCCA9DC818E}.Debug|Any CPU.ActiveCfg = Debug|Any CPU
		{F6039C85-3F28-47E6-BF51-1CCCA9DC818E}.Debug|Any CPU.Build.0 = Debug|Any CPU
		{F6039C85-3F28-47E6-BF51-1CCCA9DC818E}.Release|Any CPU.ActiveCfg = Release|Any CPU
		{F6039C85-3F28-47E6-BF51-1CCCA9DC818E}.Release|Any CPU.Build.0 = Release|Any CPU
	EndGlobalSection
	GlobalSection(NestedProjects) = preSolution
		{F6039C85-3F28-47E6-BF51-1CCCA9DC818E} = {7C24B378-D5A6-49B5-92DA-D538A1DD9D69}
		{CDFC926A-C841-419D-803A-E3AD4409158C} = {7C24B378-D5A6-49B5-92DA-D538A1DD9D69}
		{236A4EC9-61A9-401F-AEBE-3ABF103C1133} = {7C24B378-D5A6-49B5-92DA-D538A1DD9D69}
		{C839F1A0-413F-4D40-843E-455B64D8E543} = {7C24B378-D5A6-49B5-92DA-D538A1DD9D69}
		{9F984C26-DBD3-4F5D-A095-6F01A6C46DCD} = {7C24B378-D5A6-49B5-92DA-D538A1DD9D69}
		{64EBF7E5-E311-4C8F-BE9F-522B3C369330} = {7C24B378-D5A6-49B5-92DA-D538A1DD9D69}
		{DC2EC0E7-18E9-444E-8279-91EC4F99EFF4} = {7C24B378-D5A6-49B5-92DA-D538A1DD9D69}
		{E058A0EA-2160-47CC-B069-62F1A482D75D} = {7C24B378-D5A6-49B5-92DA-D538A1DD9D69}
		{8A1ADF77-310B-42CE-B7A1-026E5E91F078} = {27813567-56ED-4625-887E-DC983F48FE13}
		{005EEBA6-4B28-4CBC-A6B7-ADAF47F81E08} = {27813567-56ED-4625-887E-DC983F48FE13}
		{5FA4B939-132B-4601-B33F-AD7EFDB17B42} = {27813567-56ED-4625-887E-DC983F48FE13}
		{1B18B107-3FCA-4D20-A3B4-26B01879B45A} = {27813567-56ED-4625-887E-DC983F48FE13}
		{66B630CD-0F4B-462D-96F5-47DC3C235651} = {A76A4D40-3A36-4021-A024-CC134416CE96}
		{DB17F3C1-3A06-424B-A2A8-BB8C430FD1A5} = {A76A4D40-3A36-4021-A024-CC134416CE96}
	EndGlobalSection
EndGlobal
