
Microsoft Visual Studio Solution File, Format Version 12.00
# Visual Studio Version 17
VisualStudioVersion = 17.0.31903.59
MinimumVisualStudioVersion = 10.0.40219.1
Project("{FAE04EC0-301F-11D3-BF4B-00C04F79EFBC}") = "project1", "project1\project1.csproj", "{DB17F3C1-3A06-424B-A2A8-BB8C430FD1A5}"
EndProject
Project("{2150E333-8FDC-42A3-9474-1A3956D46DE8}") = "day1", "day1", "{A76A4D40-3A36-4021-A024-CC134416CE96}"
EndProject
Project("{FAE04EC0-301F-11D3-BF4B-00C04F79EFBC}") = "project2", "project2\project2.csproj", "{66B630CD-0F4B-462D-96F5-47DC3C235651}"
EndProject
Project("{2150E333-8FDC-42A3-9474-1A3956D46DE8}") = "day2", "day2", "{27813567-56ED-4625-887E-DC983F48FE13}"
EndProject
Project("{FAE04EC0-301F-11D3-BF4B-00C04F79EFBC}") = "project2.1", "project2.1\project2.1.csproj", "{1B18B107-3FCA-4D20-A3B4-26B01879B45A}"
EndProject
Project("{FAE04EC0-301F-11D3-BF4B-00C04F79EFBC}") = "project2.2", "project2.2\project2.2.csproj", "{5FA4B939-132B-4601-B33F-AD7EFDB17B42}"
EndProject
Project("{FAE04EC0-301F-11D3-BF4B-00C04F79EFBC}") = "OOPInherritance", "OOPInherritance\OOPInherritance.csproj", "{005EEBA6-4B28-4CBC-A6B7-ADAF47F81E08}"
EndProject
Project("{FAE04EC0-301F-11D3-BF4B-00C04F79EFBC}") = "Encapsulation", "Encapsulation\Encapsulation.csproj", "{8A1ADF77-310B-42CE-B7A1-026E5E91F078}"
EndProject
Project("{2150E333-8FDC-42A3-9474-1A3956D46DE8}") = "day3", "day3", "{7C24B378-D5A6-49B5-92DA-D538A1DD9D69}"
EndProject
Project("{FAE04EC0-301F-11D3-BF4B-00C04F79EFBC}") = "virtual_override", "virtual_override\virtual_override.csproj", "{E058A0EA-2160-47CC-B069-62F1A482D75D}"
EndProject
Project("{FAE04EC0-301F-11D3-BF4B-00C04F79EFBC}") = "method_hiding", "method_Hiding\method_Hiding.csproj", "{DC2EC0E7-18E9-444E-8279-91EC4F99EFF4}"
EndProject
Project("{FAE04EC0-301F-11D3-BF4B-00C04F79EFBC}") = "interface", "interface\interface.csproj", "{64EBF7E5-E311-4C8F-BE9F-522B3C369330}"
EndProject
Project("{FAE04EC0-301F-11D3-BF4B-00C04F79EFBC}") = "interface_segregation", "interface_segregation\interface_segregation.csproj", "{C839F1A0-413F-4D40-843E-455B64D8E543}"
EndProject
Project("{FAE04EC0-301F-11D3-BF4B-00C04F79EFBC}") = "upcast_downcast_explicit_implicit", "Upcase_Downcase\Upcase_Downcase.csproj", "{9F984C26-DBD3-4F5D-A095-6F01A6C46DCD}"
EndProject
Project("{FAE04EC0-301F-11D3-BF4B-00C04F79EFBC}") = "Upcast&Downcast_Explicit&Implicit", "Upcast&Downcast_Explicit&Implicit\Upcast&Downcast_Explicit&Implicit.csproj", "{236A4EC9-61A9-401F-AEBE-3ABF103C1133}"
EndProject
Project("{FAE04EC0-301F-11D3-BF4B-00C04F79EFBC}") = "Upcast&Downcas_OnInstance", "Upcast&Downcas_OnInstance\Upcast&Downcas_OnInstance.csproj", "{CDFC926A-C841-419D-803A-E3AD4409158C}"
EndProject
Project("{FAE04EC0-301F-11D3-BF4B-00C04F79EFBC}") = "parent_child_parent", "parent_child_parent\parent_child_parent.csproj", "{F6039C85-3F28-47E6-BF51-1CCCA9DC818E}"
EndProject
Project("{FAE04EC0-301F-11D3-BF4B-00C04F79EFBC}") = "catatan git", "catatan git\catatan git.csproj", "{0C0AC586-6AF8-453D-AEE9-093FF9068834}"
EndProject
Project("{FAE04EC0-301F-11D3-BF4B-00C04F79EFBC}") = "Abstract", "Abstract\Abstract.csproj", "{A881EE31-4E20-4616-86BE-1C7DDBF0D906}"
EndProject
Project("{2150E333-8FDC-42A3-9474-1A3956D46DE8}") = "day4", "day4", "{F9D73532-D065-41B6-9DC2-3058E25C0A29}"
EndProject
Project("{2150E333-8FDC-42A3-9474-1A3956D46DE8}") = "day5", "day5", "{1CD7B83F-CFB5-4315-ACAF-065DEB83DC0B}"
EndProject
Project("{FAE04EC0-301F-11D3-BF4B-00C04F79EFBC}") = "ReferenceType", "ReferenceType\ReferenceType.csproj", "{A9704F0A-FA2B-4B59-A040-15E562D6F7F4}"
EndProject
Project("{FAE04EC0-301F-11D3-BF4B-00C04F79EFBC}") = "Ref", "Ref\Ref.csproj", "{DA675DB4-4C7F-472F-9B35-9A2FF300FA7F}"
EndProject
Project("{FAE04EC0-301F-11D3-BF4B-00C04F79EFBC}") = "In", "In\In.csproj", "{E6DBC9A0-FB82-49BA-AC11-57184E72659B}"
EndProject
Project("{FAE04EC0-301F-11D3-BF4B-00C04F79EFBC}") = "Out", "Out\Out.csproj", "{564BD8FE-57C9-479F-BCA3-841A1AE4E7A7}"
EndProject
Project("{FAE04EC0-301F-11D3-BF4B-00C04F79EFBC}") = "Parsing", "Parsing\Parsing.csproj", "{3EC35DA1-BB73-4D33-8186-FA3C81E436C3}"
EndProject
Project("{FAE04EC0-301F-11D3-BF4B-00C04F79EFBC}") = "Object_BoxingtoUnboxing", "Object_BoxingtoUnboxing\Object_BoxingtoUnboxing.csproj", "{4735316F-FDA0-4E6B-9703-F9C89DA56079}"
EndProject
Project("{FAE04EC0-301F-11D3-BF4B-00C04F79EFBC}") = "Dynamic", "Dynamic\Dynamic.csproj", "{2752DBEA-E931-4AD0-8FC8-F318F51456A3}"
EndProject
Project("{FAE04EC0-301F-11D3-BF4B-00C04F79EFBC}") = "Is", "Is\Is.csproj", "{0CA85DB9-4BEE-4E74-B51B-A9DAFEB70E24}"
EndProject
Project("{FAE04EC0-301F-11D3-BF4B-00C04F79EFBC}") = "Enum", "Enum\Enum.csproj", "{27229836-8021-44C0-8C6F-85E8D8975270}"
EndProject
Global
	GlobalSection(SolutionConfigurationPlatforms) = preSolution
		Debug|Any CPU = Debug|Any CPU
		Release|Any CPU = Release|Any CPU
	EndGlobalSection
	GlobalSection(SolutionProperties) = preSolution
		HideSolutionNode = FALSE
	EndGlobalSection
	GlobalSection(ProjectConfigurationPlatforms) = postSolution
		{DB17F3C1-3A06-424B-A2A8-BB8C430FD1A5}.Debug|Any CPU.ActiveCfg = Debug|Any CPU
		{DB17F3C1-3A06-424B-A2A8-BB8C430FD1A5}.Debug|Any CPU.Build.0 = Debug|Any CPU
		{DB17F3C1-3A06-424B-A2A8-BB8C430FD1A5}.Release|Any CPU.ActiveCfg = Release|Any CPU
		{DB17F3C1-3A06-424B-A2A8-BB8C430FD1A5}.Release|Any CPU.Build.0 = Release|Any CPU
		{66B630CD-0F4B-462D-96F5-47DC3C235651}.Debug|Any CPU.ActiveCfg = Debug|Any CPU
		{66B630CD-0F4B-462D-96F5-47DC3C235651}.Debug|Any CPU.Build.0 = Debug|Any CPU
		{66B630CD-0F4B-462D-96F5-47DC3C235651}.Release|Any CPU.ActiveCfg = Release|Any CPU
		{66B630CD-0F4B-462D-96F5-47DC3C235651}.Release|Any CPU.Build.0 = Release|Any CPU
		{1B18B107-3FCA-4D20-A3B4-26B01879B45A}.Debug|Any CPU.ActiveCfg = Debug|Any CPU
		{1B18B107-3FCA-4D20-A3B4-26B01879B45A}.Debug|Any CPU.Build.0 = Debug|Any CPU
		{1B18B107-3FCA-4D20-A3B4-26B01879B45A}.Release|Any CPU.ActiveCfg = Release|Any CPU
		{1B18B107-3FCA-4D20-A3B4-26B01879B45A}.Release|Any CPU.Build.0 = Release|Any CPU
		{5FA4B939-132B-4601-B33F-AD7EFDB17B42}.Debug|Any CPU.ActiveCfg = Debug|Any CPU
		{5FA4B939-132B-4601-B33F-AD7EFDB17B42}.Debug|Any CPU.Build.0 = Debug|Any CPU
		{5FA4B939-132B-4601-B33F-AD7EFDB17B42}.Release|Any CPU.ActiveCfg = Release|Any CPU
		{5FA4B939-132B-4601-B33F-AD7EFDB17B42}.Release|Any CPU.Build.0 = Release|Any CPU
		{005EEBA6-4B28-4CBC-A6B7-ADAF47F81E08}.Debug|Any CPU.ActiveCfg = Debug|Any CPU
		{005EEBA6-4B28-4CBC-A6B7-ADAF47F81E08}.Debug|Any CPU.Build.0 = Debug|Any CPU
		{005EEBA6-4B28-4CBC-A6B7-ADAF47F81E08}.Release|Any CPU.ActiveCfg = Release|Any CPU
		{005EEBA6-4B28-4CBC-A6B7-ADAF47F81E08}.Release|Any CPU.Build.0 = Release|Any CPU
		{8A1ADF77-310B-42CE-B7A1-026E5E91F078}.Debug|Any CPU.ActiveCfg = Debug|Any CPU
		{8A1ADF77-310B-42CE-B7A1-026E5E91F078}.Debug|Any CPU.Build.0 = Debug|Any CPU
		{8A1ADF77-310B-42CE-B7A1-026E5E91F078}.Release|Any CPU.ActiveCfg = Release|Any CPU
		{8A1ADF77-310B-42CE-B7A1-026E5E91F078}.Release|Any CPU.Build.0 = Release|Any CPU
		{E058A0EA-2160-47CC-B069-62F1A482D75D}.Debug|Any CPU.ActiveCfg = Debug|Any CPU
		{E058A0EA-2160-47CC-B069-62F1A482D75D}.Debug|Any CPU.Build.0 = Debug|Any CPU
		{E058A0EA-2160-47CC-B069-62F1A482D75D}.Release|Any CPU.ActiveCfg = Release|Any CPU
		{E058A0EA-2160-47CC-B069-62F1A482D75D}.Release|Any CPU.Build.0 = Release|Any CPU
		{DC2EC0E7-18E9-444E-8279-91EC4F99EFF4}.Debug|Any CPU.ActiveCfg = Debug|Any CPU
		{DC2EC0E7-18E9-444E-8279-91EC4F99EFF4}.Debug|Any CPU.Build.0 = Debug|Any CPU
		{DC2EC0E7-18E9-444E-8279-91EC4F99EFF4}.Release|Any CPU.ActiveCfg = Release|Any CPU
		{DC2EC0E7-18E9-444E-8279-91EC4F99EFF4}.Release|Any CPU.Build.0 = Release|Any CPU
		{64EBF7E5-E311-4C8F-BE9F-522B3C369330}.Debug|Any CPU.ActiveCfg = Debug|Any CPU
		{64EBF7E5-E311-4C8F-BE9F-522B3C369330}.Debug|Any CPU.Build.0 = Debug|Any CPU
		{64EBF7E5-E311-4C8F-BE9F-522B3C369330}.Release|Any CPU.ActiveCfg = Release|Any CPU
		{64EBF7E5-E311-4C8F-BE9F-522B3C369330}.Release|Any CPU.Build.0 = Release|Any CPU
		{C839F1A0-413F-4D40-843E-455B64D8E543}.Debug|Any CPU.ActiveCfg = Debug|Any CPU
		{C839F1A0-413F-4D40-843E-455B64D8E543}.Debug|Any CPU.Build.0 = Debug|Any CPU
		{C839F1A0-413F-4D40-843E-455B64D8E543}.Release|Any CPU.ActiveCfg = Release|Any CPU
		{C839F1A0-413F-4D40-843E-455B64D8E543}.Release|Any CPU.Build.0 = Release|Any CPU
		{9F984C26-DBD3-4F5D-A095-6F01A6C46DCD}.Debug|Any CPU.ActiveCfg = Debug|Any CPU
		{9F984C26-DBD3-4F5D-A095-6F01A6C46DCD}.Debug|Any CPU.Build.0 = Debug|Any CPU
		{9F984C26-DBD3-4F5D-A095-6F01A6C46DCD}.Release|Any CPU.ActiveCfg = Release|Any CPU
		{9F984C26-DBD3-4F5D-A095-6F01A6C46DCD}.Release|Any CPU.Build.0 = Release|Any CPU
		{236A4EC9-61A9-401F-AEBE-3ABF103C1133}.Debug|Any CPU.ActiveCfg = Debug|Any CPU
		{236A4EC9-61A9-401F-AEBE-3ABF103C1133}.Debug|Any CPU.Build.0 = Debug|Any CPU
		{236A4EC9-61A9-401F-AEBE-3ABF103C1133}.Release|Any CPU.ActiveCfg = Release|Any CPU
		{236A4EC9-61A9-401F-AEBE-3ABF103C1133}.Release|Any CPU.Build.0 = Release|Any CPU
		{CDFC926A-C841-419D-803A-E3AD4409158C}.Debug|Any CPU.ActiveCfg = Debug|Any CPU
		{CDFC926A-C841-419D-803A-E3AD4409158C}.Debug|Any CPU.Build.0 = Debug|Any CPU
		{CDFC926A-C841-419D-803A-E3AD4409158C}.Release|Any CPU.ActiveCfg = Release|Any CPU
		{CDFC926A-C841-419D-803A-E3AD4409158C}.Release|Any CPU.Build.0 = Release|Any CPU
		{F6039C85-3F28-47E6-BF51-1CCCA9DC818E}.Debug|Any CPU.ActiveCfg = Debug|Any CPU
		{F6039C85-3F28-47E6-BF51-1CCCA9DC818E}.Debug|Any CPU.Build.0 = Debug|Any CPU
		{F6039C85-3F28-47E6-BF51-1CCCA9DC818E}.Release|Any CPU.ActiveCfg = Release|Any CPU
		{F6039C85-3F28-47E6-BF51-1CCCA9DC818E}.Release|Any CPU.Build.0 = Release|Any CPU
		{0C0AC586-6AF8-453D-AEE9-093FF9068834}.Debug|Any CPU.ActiveCfg = Debug|Any CPU
		{0C0AC586-6AF8-453D-AEE9-093FF9068834}.Debug|Any CPU.Build.0 = Debug|Any CPU
		{0C0AC586-6AF8-453D-AEE9-093FF9068834}.Release|Any CPU.ActiveCfg = Release|Any CPU
		{0C0AC586-6AF8-453D-AEE9-093FF9068834}.Release|Any CPU.Build.0 = Release|Any CPU
		{A881EE31-4E20-4616-86BE-1C7DDBF0D906}.Debug|Any CPU.ActiveCfg = Debug|Any CPU
		{A881EE31-4E20-4616-86BE-1C7DDBF0D906}.Debug|Any CPU.Build.0 = Debug|Any CPU
		{A881EE31-4E20-4616-86BE-1C7DDBF0D906}.Release|Any CPU.ActiveCfg = Release|Any CPU
		{A881EE31-4E20-4616-86BE-1C7DDBF0D906}.Release|Any CPU.Build.0 = Release|Any CPU
		{A9704F0A-FA2B-4B59-A040-15E562D6F7F4}.Debug|Any CPU.ActiveCfg = Debug|Any CPU
		{A9704F0A-FA2B-4B59-A040-15E562D6F7F4}.Debug|Any CPU.Build.0 = Debug|Any CPU
		{A9704F0A-FA2B-4B59-A040-15E562D6F7F4}.Release|Any CPU.ActiveCfg = Release|Any CPU
		{A9704F0A-FA2B-4B59-A040-15E562D6F7F4}.Release|Any CPU.Build.0 = Release|Any CPU
		{DA675DB4-4C7F-472F-9B35-9A2FF300FA7F}.Debug|Any CPU.ActiveCfg = Debug|Any CPU
		{DA675DB4-4C7F-472F-9B35-9A2FF300FA7F}.Debug|Any CPU.Build.0 = Debug|Any CPU
		{DA675DB4-4C7F-472F-9B35-9A2FF300FA7F}.Release|Any CPU.ActiveCfg = Release|Any CPU
		{DA675DB4-4C7F-472F-9B35-9A2FF300FA7F}.Release|Any CPU.Build.0 = Release|Any CPU
		{E6DBC9A0-FB82-49BA-AC11-57184E72659B}.Debug|Any CPU.ActiveCfg = Debug|Any CPU
		{E6DBC9A0-FB82-49BA-AC11-57184E72659B}.Debug|Any CPU.Build.0 = Debug|Any CPU
		{E6DBC9A0-FB82-49BA-AC11-57184E72659B}.Release|Any CPU.ActiveCfg = Release|Any CPU
		{E6DBC9A0-FB82-49BA-AC11-57184E72659B}.Release|Any CPU.Build.0 = Release|Any CPU
		{564BD8FE-57C9-479F-BCA3-841A1AE4E7A7}.Debug|Any CPU.ActiveCfg = Debug|Any CPU
		{564BD8FE-57C9-479F-BCA3-841A1AE4E7A7}.Debug|Any CPU.Build.0 = Debug|Any CPU
		{564BD8FE-57C9-479F-BCA3-841A1AE4E7A7}.Release|Any CPU.ActiveCfg = Release|Any CPU
		{564BD8FE-57C9-479F-BCA3-841A1AE4E7A7}.Release|Any CPU.Build.0 = Release|Any CPU
		{3EC35DA1-BB73-4D33-8186-FA3C81E436C3}.Debug|Any CPU.ActiveCfg = Debug|Any CPU
		{3EC35DA1-BB73-4D33-8186-FA3C81E436C3}.Debug|Any CPU.Build.0 = Debug|Any CPU
		{3EC35DA1-BB73-4D33-8186-FA3C81E436C3}.Release|Any CPU.ActiveCfg = Release|Any CPU
		{3EC35DA1-BB73-4D33-8186-FA3C81E436C3}.Release|Any CPU.Build.0 = Release|Any CPU
		{4735316F-FDA0-4E6B-9703-F9C89DA56079}.Debug|Any CPU.ActiveCfg = Debug|Any CPU
		{4735316F-FDA0-4E6B-9703-F9C89DA56079}.Debug|Any CPU.Build.0 = Debug|Any CPU
		{4735316F-FDA0-4E6B-9703-F9C89DA56079}.Release|Any CPU.ActiveCfg = Release|Any CPU
		{4735316F-FDA0-4E6B-9703-F9C89DA56079}.Release|Any CPU.Build.0 = Release|Any CPU
		{2752DBEA-E931-4AD0-8FC8-F318F51456A3}.Debug|Any CPU.ActiveCfg = Debug|Any CPU
		{2752DBEA-E931-4AD0-8FC8-F318F51456A3}.Debug|Any CPU.Build.0 = Debug|Any CPU
		{2752DBEA-E931-4AD0-8FC8-F318F51456A3}.Release|Any CPU.ActiveCfg = Release|Any CPU
		{2752DBEA-E931-4AD0-8FC8-F318F51456A3}.Release|Any CPU.Build.0 = Release|Any CPU
		{0CA85DB9-4BEE-4E74-B51B-A9DAFEB70E24}.Debug|Any CPU.ActiveCfg = Debug|Any CPU
		{0CA85DB9-4BEE-4E74-B51B-A9DAFEB70E24}.Debug|Any CPU.Build.0 = Debug|Any CPU
		{0CA85DB9-4BEE-4E74-B51B-A9DAFEB70E24}.Release|Any CPU.ActiveCfg = Release|Any CPU
		{0CA85DB9-4BEE-4E74-B51B-A9DAFEB70E24}.Release|Any CPU.Build.0 = Release|Any CPU
		{27229836-8021-44C0-8C6F-85E8D8975270}.Debug|Any CPU.ActiveCfg = Debug|Any CPU
		{27229836-8021-44C0-8C6F-85E8D8975270}.Debug|Any CPU.Build.0 = Debug|Any CPU
		{27229836-8021-44C0-8C6F-85E8D8975270}.Release|Any CPU.ActiveCfg = Release|Any CPU
		{27229836-8021-44C0-8C6F-85E8D8975270}.Release|Any CPU.Build.0 = Release|Any CPU
	EndGlobalSection
	GlobalSection(NestedProjects) = preSolution
		{27229836-8021-44C0-8C6F-85E8D8975270} = {1CD7B83F-CFB5-4315-ACAF-065DEB83DC0B}
		{0CA85DB9-4BEE-4E74-B51B-A9DAFEB70E24} = {1CD7B83F-CFB5-4315-ACAF-065DEB83DC0B}
		{2752DBEA-E931-4AD0-8FC8-F318F51456A3} = {1CD7B83F-CFB5-4315-ACAF-065DEB83DC0B}
		{4735316F-FDA0-4E6B-9703-F9C89DA56079} = {1CD7B83F-CFB5-4315-ACAF-065DEB83DC0B}
		{3EC35DA1-BB73-4D33-8186-FA3C81E436C3} = {1CD7B83F-CFB5-4315-ACAF-065DEB83DC0B}
		{564BD8FE-57C9-479F-BCA3-841A1AE4E7A7} = {1CD7B83F-CFB5-4315-ACAF-065DEB83DC0B}
		{E6DBC9A0-FB82-49BA-AC11-57184E72659B} = {1CD7B83F-CFB5-4315-ACAF-065DEB83DC0B}
		{DA675DB4-4C7F-472F-9B35-9A2FF300FA7F} = {1CD7B83F-CFB5-4315-ACAF-065DEB83DC0B}
		{A9704F0A-FA2B-4B59-A040-15E562D6F7F4} = {1CD7B83F-CFB5-4315-ACAF-065DEB83DC0B}
		{A881EE31-4E20-4616-86BE-1C7DDBF0D906} = {F9D73532-D065-41B6-9DC2-3058E25C0A29}
		{F6039C85-3F28-47E6-BF51-1CCCA9DC818E} = {7C24B378-D5A6-49B5-92DA-D538A1DD9D69}
		{CDFC926A-C841-419D-803A-E3AD4409158C} = {7C24B378-D5A6-49B5-92DA-D538A1DD9D69}
		{236A4EC9-61A9-401F-AEBE-3ABF103C1133} = {7C24B378-D5A6-49B5-92DA-D538A1DD9D69}
		{C839F1A0-413F-4D40-843E-455B64D8E543} = {7C24B378-D5A6-49B5-92DA-D538A1DD9D69}
		{9F984C26-DBD3-4F5D-A095-6F01A6C46DCD} = {7C24B378-D5A6-49B5-92DA-D538A1DD9D69}
		{64EBF7E5-E311-4C8F-BE9F-522B3C369330} = {7C24B378-D5A6-49B5-92DA-D538A1DD9D69}
		{DC2EC0E7-18E9-444E-8279-91EC4F99EFF4} = {7C24B378-D5A6-49B5-92DA-D538A1DD9D69}
		{E058A0EA-2160-47CC-B069-62F1A482D75D} = {7C24B378-D5A6-49B5-92DA-D538A1DD9D69}
		{8A1ADF77-310B-42CE-B7A1-026E5E91F078} = {27813567-56ED-4625-887E-DC983F48FE13}
		{005EEBA6-4B28-4CBC-A6B7-ADAF47F81E08} = {27813567-56ED-4625-887E-DC983F48FE13}
		{5FA4B939-132B-4601-B33F-AD7EFDB17B42} = {27813567-56ED-4625-887E-DC983F48FE13}
		{1B18B107-3FCA-4D20-A3B4-26B01879B45A} = {27813567-56ED-4625-887E-DC983F48FE13}
		{66B630CD-0F4B-462D-96F5-47DC3C235651} = {A76A4D40-3A36-4021-A024-CC134416CE96}
		{DB17F3C1-3A06-424B-A2A8-BB8C430FD1A5} = {A76A4D40-3A36-4021-A024-CC134416CE96}
	EndGlobalSection
EndGlobal
